
Microsoft Visual Studio Solution File, Format Version 12.00
# Visual Studio Version 17
VisualStudioVersion = 17.5.33424.131
MinimumVisualStudioVersion = 10.0.40219.1
Project("{9A19103F-16F7-4668-BE54-9A1E7A4F7556}") = "Morse Code", "Morse Code\Morse Code.csproj", "{76B832BF-0916-43B1-A1B9-237F04512FFD}"
EndProject
Project("{FAE04EC0-301F-11D3-BF4B-00C04F79EFBC}") = "NATO Phonetic", "NATO Phonetic\NATO Phonetic.csproj", "{21F620A6-04D9-4437-B397-FE974F16EB96}"
EndProject
Global
	GlobalSection(SolutionConfigurationPlatforms) = preSolution
		Debug|Any CPU = Debug|Any CPU
		Release|Any CPU = Release|Any CPU
	EndGlobalSection
	GlobalSection(ProjectConfigurationPlatforms) = postSolution
		{76B832BF-0916-43B1-A1B9-237F04512FFD}.Debug|Any CPU.ActiveCfg = Debug|Any CPU
		{76B832BF-0916-43B1-A1B9-237F04512FFD}.Debug|Any CPU.Build.0 = Debug|Any CPU
		{76B832BF-0916-43B1-A1B9-237F04512FFD}.Release|Any CPU.ActiveCfg = Release|Any CPU
		{76B832BF-0916-43B1-A1B9-237F04512FFD}.Release|Any CPU.Build.0 = Release|Any CPU
		{21F620A6-04D9-4437-B397-FE974F16EB96}.Debug|Any CPU.ActiveCfg = Debug|Any CPU
		{21F620A6-04D9-4437-B397-FE974F16EB96}.Debug|Any CPU.Build.0 = Debug|Any CPU
		{21F620A6-04D9-4437-B397-FE974F16EB96}.Release|Any CPU.ActiveCfg = Release|Any CPU
		{21F620A6-04D9-4437-B397-FE974F16EB96}.Release|Any CPU.Build.0 = Release|Any CPU
	EndGlobalSection
	GlobalSection(SolutionProperties) = preSolution
		HideSolutionNode = FALSE
	EndGlobalSection
	GlobalSection(ExtensibilityGlobals) = postSolution
		SolutionGuid = {5283B97A-338D-42FF-87A2-BA98EE26204E}
	EndGlobalSection
EndGlobal
